// !$*UTF8*$!
{
	archiveVersion = 1;
	classes = {
	};
	objectVersion = 77;
	objects = {

/* Begin PBXBuildFile section */
		A49056622D4EC818004BCC7A /* Auth in Frameworks */ = {isa = PBXBuildFile; productRef = A49056612D4EC818004BCC7A /* Auth */; };
		A49056642D4EC818004BCC7A /* Functions in Frameworks */ = {isa = PBXBuildFile; productRef = A49056632D4EC818004BCC7A /* Functions */; };
		A49056662D4EC818004BCC7A /* PostgREST in Frameworks */ = {isa = PBXBuildFile; productRef = A49056652D4EC818004BCC7A /* PostgREST */; };
		A49056682D4EC818004BCC7A /* Realtime in Frameworks */ = {isa = PBXBuildFile; productRef = A49056672D4EC818004BCC7A /* Realtime */; };
		A490566A2D4EC818004BCC7A /* Storage in Frameworks */ = {isa = PBXBuildFile; productRef = A49056692D4EC818004BCC7A /* Storage */; };
		A490566C2D4EC818004BCC7A /* Supabase in Frameworks */ = {isa = PBXBuildFile; productRef = A490566B2D4EC818004BCC7A /* Supabase */; };
/* End PBXBuildFile section */

/* Begin PBXContainerItemProxy section */
		393695002D497DBB00A25BAF /* PBXContainerItemProxy */ = {
			isa = PBXContainerItemProxy;
			containerPortal = 393694E72D497DB800A25BAF /* Project object */;
			proxyType = 1;
			remoteGlobalIDString = 393694EE2D497DB800A25BAF;
			remoteInfo = SkillBridgeV2;
		};
		3936950A2D497DBB00A25BAF /* PBXContainerItemProxy */ = {
			isa = PBXContainerItemProxy;
			containerPortal = 393694E72D497DB800A25BAF /* Project object */;
			proxyType = 1;
			remoteGlobalIDString = 393694EE2D497DB800A25BAF;
			remoteInfo = SkillBridgeV2;
		};
/* End PBXContainerItemProxy section */

/* Begin PBXFileReference section */
		393694EF2D497DB800A25BAF /* SkillBridgeV2.app */ = {isa = PBXFileReference; explicitFileType = wrapper.application; includeInIndex = 0; path = SkillBridgeV2.app; sourceTree = BUILT_PRODUCTS_DIR; };
		393694FF2D497DBB00A25BAF /* SkillBridgeV2Tests.xctest */ = {isa = PBXFileReference; explicitFileType = wrapper.cfbundle; includeInIndex = 0; path = SkillBridgeV2Tests.xctest; sourceTree = BUILT_PRODUCTS_DIR; };
		393695092D497DBB00A25BAF /* SkillBridgeV2UITests.xctest */ = {isa = PBXFileReference; explicitFileType = wrapper.cfbundle; includeInIndex = 0; path = SkillBridgeV2UITests.xctest; sourceTree = BUILT_PRODUCTS_DIR; };
/* End PBXFileReference section */

/* Begin PBXFileSystemSynchronizedRootGroup section */
		393694F12D497DB800A25BAF /* SkillBridgeV2 */ = {
			isa = PBXFileSystemSynchronizedRootGroup;
			path = SkillBridgeV2;
			sourceTree = "<group>";
		};
		393695022D497DBB00A25BAF /* SkillBridgeV2Tests */ = {
			isa = PBXFileSystemSynchronizedRootGroup;
			path = SkillBridgeV2Tests;
			sourceTree = "<group>";
		};
		3936950C2D497DBB00A25BAF /* SkillBridgeV2UITests */ = {
			isa = PBXFileSystemSynchronizedRootGroup;
			path = SkillBridgeV2UITests;
			sourceTree = "<group>";
		};
/* End PBXFileSystemSynchronizedRootGroup section */

/* Begin PBXFrameworksBuildPhase section */
		393694EC2D497DB800A25BAF /* Frameworks */ = {
			isa = PBXFrameworksBuildPhase;
			buildActionMask = 2147483647;
			files = (
				A49056662D4EC818004BCC7A /* PostgREST in Frameworks */,
				A49056642D4EC818004BCC7A /* Functions in Frameworks */,
				A490566C2D4EC818004BCC7A /* Supabase in Frameworks */,
				A49056622D4EC818004BCC7A /* Auth in Frameworks */,
				A490566A2D4EC818004BCC7A /* Storage in Frameworks */,
				A49056682D4EC818004BCC7A /* Realtime in Frameworks */,
			);
			runOnlyForDeploymentPostprocessing = 0;
		};
		393694FC2D497DBB00A25BAF /* Frameworks */ = {
			isa = PBXFrameworksBuildPhase;
			buildActionMask = 2147483647;
			files = (
			);
			runOnlyForDeploymentPostprocessing = 0;
		};
		393695062D497DBB00A25BAF /* Frameworks */ = {
			isa = PBXFrameworksBuildPhase;
			buildActionMask = 2147483647;
			files = (
			);
			runOnlyForDeploymentPostprocessing = 0;
		};
/* End PBXFrameworksBuildPhase section */

/* Begin PBXGroup section */
		393694E62D497DB800A25BAF = {
			isa = PBXGroup;
			children = (
				393694F12D497DB800A25BAF /* SkillBridgeV2 */,
				393695022D497DBB00A25BAF /* SkillBridgeV2Tests */,
				3936950C2D497DBB00A25BAF /* SkillBridgeV2UITests */,
				393694F02D497DB800A25BAF /* Products */,
			);
			sourceTree = "<group>";
		};
		393694F02D497DB800A25BAF /* Products */ = {
			isa = PBXGroup;
			children = (
				393694EF2D497DB800A25BAF /* SkillBridgeV2.app */,
				393694FF2D497DBB00A25BAF /* SkillBridgeV2Tests.xctest */,
				393695092D497DBB00A25BAF /* SkillBridgeV2UITests.xctest */,
			);
			name = Products;
			sourceTree = "<group>";
		};
/* End PBXGroup section */

/* Begin PBXNativeTarget section */
		393694EE2D497DB800A25BAF /* SkillBridgeV2 */ = {
			isa = PBXNativeTarget;
			buildConfigurationList = 393695132D497DBB00A25BAF /* Build configuration list for PBXNativeTarget "SkillBridgeV2" */;
			buildPhases = (
				393694EB2D497DB800A25BAF /* Sources */,
				393694EC2D497DB800A25BAF /* Frameworks */,
				393694ED2D497DB800A25BAF /* Resources */,
			);
			buildRules = (
			);
			dependencies = (
			);
			fileSystemSynchronizedGroups = (
				393694F12D497DB800A25BAF /* SkillBridgeV2 */,
			);
			name = SkillBridgeV2;
			packageProductDependencies = (
				A49056612D4EC818004BCC7A /* Auth */,
				A49056632D4EC818004BCC7A /* Functions */,
				A49056652D4EC818004BCC7A /* PostgREST */,
				A49056672D4EC818004BCC7A /* Realtime */,
				A49056692D4EC818004BCC7A /* Storage */,
				A490566B2D4EC818004BCC7A /* Supabase */,
			);
			productName = SkillBridgeV2;
			productReference = 393694EF2D497DB800A25BAF /* SkillBridgeV2.app */;
			productType = "com.apple.product-type.application";
		};
		393694FE2D497DBB00A25BAF /* SkillBridgeV2Tests */ = {
			isa = PBXNativeTarget;
			buildConfigurationList = 393695162D497DBB00A25BAF /* Build configuration list for PBXNativeTarget "SkillBridgeV2Tests" */;
			buildPhases = (
				393694FB2D497DBB00A25BAF /* Sources */,
				393694FC2D497DBB00A25BAF /* Frameworks */,
				393694FD2D497DBB00A25BAF /* Resources */,
			);
			buildRules = (
			);
			dependencies = (
				393695012D497DBB00A25BAF /* PBXTargetDependency */,
			);
			fileSystemSynchronizedGroups = (
				393695022D497DBB00A25BAF /* SkillBridgeV2Tests */,
			);
			name = SkillBridgeV2Tests;
			packageProductDependencies = (
			);
			productName = SkillBridgeV2Tests;
			productReference = 393694FF2D497DBB00A25BAF /* SkillBridgeV2Tests.xctest */;
			productType = "com.apple.product-type.bundle.unit-test";
		};
		393695082D497DBB00A25BAF /* SkillBridgeV2UITests */ = {
			isa = PBXNativeTarget;
			buildConfigurationList = 393695192D497DBB00A25BAF /* Build configuration list for PBXNativeTarget "SkillBridgeV2UITests" */;
			buildPhases = (
				393695052D497DBB00A25BAF /* Sources */,
				393695062D497DBB00A25BAF /* Frameworks */,
				393695072D497DBB00A25BAF /* Resources */,
			);
			buildRules = (
			);
			dependencies = (
				3936950B2D497DBB00A25BAF /* PBXTargetDependency */,
			);
			fileSystemSynchronizedGroups = (
				3936950C2D497DBB00A25BAF /* SkillBridgeV2UITests */,
			);
			name = SkillBridgeV2UITests;
			packageProductDependencies = (
			);
			productName = SkillBridgeV2UITests;
			productReference = 393695092D497DBB00A25BAF /* SkillBridgeV2UITests.xctest */;
			productType = "com.apple.product-type.bundle.ui-testing";
		};
/* End PBXNativeTarget section */

/* Begin PBXProject section */
		393694E72D497DB800A25BAF /* Project object */ = {
			isa = PBXProject;
			attributes = {
				BuildIndependentTargetsInParallel = 1;
				LastSwiftUpdateCheck = 1620;
				LastUpgradeCheck = 1620;
				TargetAttributes = {
					393694EE2D497DB800A25BAF = {
						CreatedOnToolsVersion = 16.2;
					};
					393694FE2D497DBB00A25BAF = {
						CreatedOnToolsVersion = 16.2;
						TestTargetID = 393694EE2D497DB800A25BAF;
					};
					393695082D497DBB00A25BAF = {
						CreatedOnToolsVersion = 16.2;
						TestTargetID = 393694EE2D497DB800A25BAF;
					};
				};
			};
			buildConfigurationList = 393694EA2D497DB800A25BAF /* Build configuration list for PBXProject "SkillBridgeV2" */;
			developmentRegion = en;
			hasScannedForEncodings = 0;
			knownRegions = (
				en,
				Base,
			);
			mainGroup = 393694E62D497DB800A25BAF;
			minimizedProjectReferenceProxies = 1;
			packageReferences = (
				A49056602D4EC818004BCC7A /* XCRemoteSwiftPackageReference "supabase-swift" */,
			);
			preferredProjectObjectVersion = 77;
			productRefGroup = 393694F02D497DB800A25BAF /* Products */;
			projectDirPath = "";
			projectRoot = "";
			targets = (
				393694EE2D497DB800A25BAF /* SkillBridgeV2 */,
				393694FE2D497DBB00A25BAF /* SkillBridgeV2Tests */,
				393695082D497DBB00A25BAF /* SkillBridgeV2UITests */,
			);
		};
/* End PBXProject section */

/* Begin PBXResourcesBuildPhase section */
		393694ED2D497DB800A25BAF /* Resources */ = {
			isa = PBXResourcesBuildPhase;
			buildActionMask = 2147483647;
			files = (
			);
			runOnlyForDeploymentPostprocessing = 0;
		};
		393694FD2D497DBB00A25BAF /* Resources */ = {
			isa = PBXResourcesBuildPhase;
			buildActionMask = 2147483647;
			files = (
			);
			runOnlyForDeploymentPostprocessing = 0;
		};
		393695072D497DBB00A25BAF /* Resources */ = {
			isa = PBXResourcesBuildPhase;
			buildActionMask = 2147483647;
			files = (
			);
			runOnlyForDeploymentPostprocessing = 0;
		};
/* End PBXResourcesBuildPhase section */

/* Begin PBXSourcesBuildPhase section */
		393694EB2D497DB800A25BAF /* Sources */ = {
			isa = PBXSourcesBuildPhase;
			buildActionMask = 2147483647;
			files = (
			);
			runOnlyForDeploymentPostprocessing = 0;
		};
		393694FB2D497DBB00A25BAF /* Sources */ = {
			isa = PBXSourcesBuildPhase;
			buildActionMask = 2147483647;
			files = (
			);
			runOnlyForDeploymentPostprocessing = 0;
		};
		393695052D497DBB00A25BAF /* Sources */ = {
			isa = PBXSourcesBuildPhase;
			buildActionMask = 2147483647;
			files = (
			);
			runOnlyForDeploymentPostprocessing = 0;
		};
/* End PBXSourcesBuildPhase section */

/* Begin PBXTargetDependency section */
		393695012D497DBB00A25BAF /* PBXTargetDependency */ = {
			isa = PBXTargetDependency;
			target = 393694EE2D497DB800A25BAF /* SkillBridgeV2 */;
			targetProxy = 393695002D497DBB00A25BAF /* PBXContainerItemProxy */;
		};
		3936950B2D497DBB00A25BAF /* PBXTargetDependency */ = {
			isa = PBXTargetDependency;
			target = 393694EE2D497DB800A25BAF /* SkillBridgeV2 */;
			targetProxy = 3936950A2D497DBB00A25BAF /* PBXContainerItemProxy */;
		};
/* End PBXTargetDependency section */

/* Begin XCBuildConfiguration section */
		393695112D497DBB00A25BAF /* Debug */ = {
			isa = XCBuildConfiguration;
			buildSettings = {
				ALWAYS_SEARCH_USER_PATHS = NO;
				ASSETCATALOG_COMPILER_GENERATE_SWIFT_ASSET_SYMBOL_EXTENSIONS = YES;
				CLANG_ANALYZER_NONNULL = YES;
				CLANG_ANALYZER_NUMBER_OBJECT_CONVERSION = YES_AGGRESSIVE;
				CLANG_CXX_LANGUAGE_STANDARD = "gnu++20";
				CLANG_ENABLE_MODULES = YES;
				CLANG_ENABLE_OBJC_ARC = YES;
				CLANG_ENABLE_OBJC_WEAK = YES;
				CLANG_WARN_BLOCK_CAPTURE_AUTORELEASING = YES;
				CLANG_WARN_BOOL_CONVERSION = YES;
				CLANG_WARN_COMMA = YES;
				CLANG_WARN_CONSTANT_CONVERSION = YES;
				CLANG_WARN_DEPRECATED_OBJC_IMPLEMENTATIONS = YES;
				CLANG_WARN_DIRECT_OBJC_ISA_USAGE = YES_ERROR;
				CLANG_WARN_DOCUMENTATION_COMMENTS = YES;
				CLANG_WARN_EMPTY_BODY = YES;
				CLANG_WARN_ENUM_CONVERSION = YES;
				CLANG_WARN_INFINITE_RECURSION = YES;
				CLANG_WARN_INT_CONVERSION = YES;
				CLANG_WARN_NON_LITERAL_NULL_CONVERSION = YES;
				CLANG_WARN_OBJC_IMPLICIT_RETAIN_SELF = YES;
				CLANG_WARN_OBJC_LITERAL_CONVERSION = YES;
				CLANG_WARN_OBJC_ROOT_CLASS = YES_ERROR;
				CLANG_WARN_QUOTED_INCLUDE_IN_FRAMEWORK_HEADER = YES;
				CLANG_WARN_RANGE_LOOP_ANALYSIS = YES;
				CLANG_WARN_STRICT_PROTOTYPES = YES;
				CLANG_WARN_SUSPICIOUS_MOVE = YES;
				CLANG_WARN_UNGUARDED_AVAILABILITY = YES_AGGRESSIVE;
				CLANG_WARN_UNREACHABLE_CODE = YES;
				CLANG_WARN__DUPLICATE_METHOD_MATCH = YES;
				COPY_PHASE_STRIP = NO;
				DEBUG_INFORMATION_FORMAT = dwarf;
				ENABLE_STRICT_OBJC_MSGSEND = YES;
				ENABLE_TESTABILITY = YES;
				ENABLE_USER_SCRIPT_SANDBOXING = YES;
				GCC_C_LANGUAGE_STANDARD = gnu17;
				GCC_DYNAMIC_NO_PIC = NO;
				GCC_NO_COMMON_BLOCKS = YES;
				GCC_OPTIMIZATION_LEVEL = 0;
				GCC_PREPROCESSOR_DEFINITIONS = (
					"DEBUG=1",
					"$(inherited)",
				);
				GCC_WARN_64_TO_32_BIT_CONVERSION = YES;
				GCC_WARN_ABOUT_RETURN_TYPE = YES_ERROR;
				GCC_WARN_UNDECLARED_SELECTOR = YES;
				GCC_WARN_UNINITIALIZED_AUTOS = YES_AGGRESSIVE;
				GCC_WARN_UNUSED_FUNCTION = YES;
				GCC_WARN_UNUSED_VARIABLE = YES;
				IPHONEOS_DEPLOYMENT_TARGET = 18.2;
				LOCALIZATION_PREFERS_STRING_CATALOGS = YES;
				MTL_ENABLE_DEBUG_INFO = INCLUDE_SOURCE;
				MTL_FAST_MATH = YES;
				ONLY_ACTIVE_ARCH = YES;
				SDKROOT = iphoneos;
				SWIFT_ACTIVE_COMPILATION_CONDITIONS = "DEBUG $(inherited)";
				SWIFT_OPTIMIZATION_LEVEL = "-Onone";
			};
			name = Debug;
		};
		393695122D497DBB00A25BAF /* Release */ = {
			isa = XCBuildConfiguration;
			buildSettings = {
				ALWAYS_SEARCH_USER_PATHS = NO;
				ASSETCATALOG_COMPILER_GENERATE_SWIFT_ASSET_SYMBOL_EXTENSIONS = YES;
				CLANG_ANALYZER_NONNULL = YES;
				CLANG_ANALYZER_NUMBER_OBJECT_CONVERSION = YES_AGGRESSIVE;
				CLANG_CXX_LANGUAGE_STANDARD = "gnu++20";
				CLANG_ENABLE_MODULES = YES;
				CLANG_ENABLE_OBJC_ARC = YES;
				CLANG_ENABLE_OBJC_WEAK = YES;
				CLANG_WARN_BLOCK_CAPTURE_AUTORELEASING = YES;
				CLANG_WARN_BOOL_CONVERSION = YES;
				CLANG_WARN_COMMA = YES;
				CLANG_WARN_CONSTANT_CONVERSION = YES;
				CLANG_WARN_DEPRECATED_OBJC_IMPLEMENTATIONS = YES;
				CLANG_WARN_DIRECT_OBJC_ISA_USAGE = YES_ERROR;
				CLANG_WARN_DOCUMENTATION_COMMENTS = YES;
				CLANG_WARN_EMPTY_BODY = YES;
				CLANG_WARN_ENUM_CONVERSION = YES;
				CLANG_WARN_INFINITE_RECURSION = YES;
				CLANG_WARN_INT_CONVERSION = YES;
				CLANG_WARN_NON_LITERAL_NULL_CONVERSION = YES;
				CLANG_WARN_OBJC_IMPLICIT_RETAIN_SELF = YES;
				CLANG_WARN_OBJC_LITERAL_CONVERSION = YES;
				CLANG_WARN_OBJC_ROOT_CLASS = YES_ERROR;
				CLANG_WARN_QUOTED_INCLUDE_IN_FRAMEWORK_HEADER = YES;
				CLANG_WARN_RANGE_LOOP_ANALYSIS = YES;
				CLANG_WARN_STRICT_PROTOTYPES = YES;
				CLANG_WARN_SUSPICIOUS_MOVE = YES;
				CLANG_WARN_UNGUARDED_AVAILABILITY = YES_AGGRESSIVE;
				CLANG_WARN_UNREACHABLE_CODE = YES;
				CLANG_WARN__DUPLICATE_METHOD_MATCH = YES;
				COPY_PHASE_STRIP = NO;
				DEBUG_INFORMATION_FORMAT = "dwarf-with-dsym";
				ENABLE_NS_ASSERTIONS = NO;
				ENABLE_STRICT_OBJC_MSGSEND = YES;
				ENABLE_USER_SCRIPT_SANDBOXING = YES;
				GCC_C_LANGUAGE_STANDARD = gnu17;
				GCC_NO_COMMON_BLOCKS = YES;
				GCC_WARN_64_TO_32_BIT_CONVERSION = YES;
				GCC_WARN_ABOUT_RETURN_TYPE = YES_ERROR;
				GCC_WARN_UNDECLARED_SELECTOR = YES;
				GCC_WARN_UNINITIALIZED_AUTOS = YES_AGGRESSIVE;
				GCC_WARN_UNUSED_FUNCTION = YES;
				GCC_WARN_UNUSED_VARIABLE = YES;
				IPHONEOS_DEPLOYMENT_TARGET = 18.2;
				LOCALIZATION_PREFERS_STRING_CATALOGS = YES;
				MTL_ENABLE_DEBUG_INFO = NO;
				MTL_FAST_MATH = YES;
				SDKROOT = iphoneos;
				SWIFT_COMPILATION_MODE = wholemodule;
				VALIDATE_PRODUCT = YES;
			};
			name = Release;
		};
		393695142D497DBB00A25BAF /* Debug */ = {
			isa = XCBuildConfiguration;
			buildSettings = {
				ASSETCATALOG_COMPILER_APPICON_NAME = AppIcon;
				ASSETCATALOG_COMPILER_GLOBAL_ACCENT_COLOR_NAME = AccentColor;
				CODE_SIGN_STYLE = Automatic;
				CURRENT_PROJECT_VERSION = 1;
				DEVELOPMENT_ASSET_PATHS = "\"SkillBridgeV2/Preview Content\"";
				ENABLE_PREVIEWS = YES;
				GENERATE_INFOPLIST_FILE = YES;
				INFOPLIST_KEY_UIApplicationSceneManifest_Generation = YES;
				INFOPLIST_KEY_UIApplicationSupportsIndirectInputEvents = YES;
				INFOPLIST_KEY_UILaunchScreen_Generation = YES;
				INFOPLIST_KEY_UISupportedInterfaceOrientations_iPad = "UIInterfaceOrientationPortrait UIInterfaceOrientationPortraitUpsideDown UIInterfaceOrientationLandscapeLeft UIInterfaceOrientationLandscapeRight";
				INFOPLIST_KEY_UISupportedInterfaceOrientations_iPhone = "UIInterfaceOrientationPortrait UIInterfaceOrientationLandscapeLeft UIInterfaceOrientationLandscapeRight";
				LD_RUNPATH_SEARCH_PATHS = (
					"$(inherited)",
					"@executable_path/Frameworks",
				);
				MARKETING_VERSION = 1.0;
				PRODUCT_BUNDLE_IDENTIFIER = NiketAnand.SkillBridgeV2;
				PRODUCT_NAME = "$(TARGET_NAME)";
				SWIFT_EMIT_LOC_STRINGS = YES;
				SWIFT_VERSION = 5.0;
				TARGETED_DEVICE_FAMILY = "1,2";
			};
			name = Debug;
		};
		393695152D497DBB00A25BAF /* Release */ = {
			isa = XCBuildConfiguration;
			buildSettings = {
				ASSETCATALOG_COMPILER_APPICON_NAME = AppIcon;
				ASSETCATALOG_COMPILER_GLOBAL_ACCENT_COLOR_NAME = AccentColor;
				CODE_SIGN_STYLE = Automatic;
				CURRENT_PROJECT_VERSION = 1;
				DEVELOPMENT_ASSET_PATHS = "\"SkillBridgeV2/Preview Content\"";
				ENABLE_PREVIEWS = YES;
				GENERATE_INFOPLIST_FILE = YES;
				INFOPLIST_KEY_UIApplicationSceneManifest_Generation = YES;
				INFOPLIST_KEY_UIApplicationSupportsIndirectInputEvents = YES;
				INFOPLIST_KEY_UILaunchScreen_Generation = YES;
				INFOPLIST_KEY_UISupportedInterfaceOrientations_iPad = "UIInterfaceOrientationPortrait UIInterfaceOrientationPortraitUpsideDown UIInterfaceOrientationLandscapeLeft UIInterfaceOrientationLandscapeRight";
				INFOPLIST_KEY_UISupportedInterfaceOrientations_iPhone = "UIInterfaceOrientationPortrait UIInterfaceOrientationLandscapeLeft UIInterfaceOrientationLandscapeRight";
				LD_RUNPATH_SEARCH_PATHS = (
					"$(inherited)",
					"@executable_path/Frameworks",
				);
				MARKETING_VERSION = 1.0;
				PRODUCT_BUNDLE_IDENTIFIER = NiketAnand.SkillBridgeV2;
				PRODUCT_NAME = "$(TARGET_NAME)";
				SWIFT_EMIT_LOC_STRINGS = YES;
				SWIFT_VERSION = 5.0;
				TARGETED_DEVICE_FAMILY = "1,2";
			};
			name = Release;
		};
		393695172D497DBB00A25BAF /* Debug */ = {
			isa = XCBuildConfiguration;
			buildSettings = {
				BUNDLE_LOADER = "$(TEST_HOST)";
				CODE_SIGN_STYLE = Automatic;
				CURRENT_PROJECT_VERSION = 1;
				GENERATE_INFOPLIST_FILE = YES;
				IPHONEOS_DEPLOYMENT_TARGET = 18.2;
				MARKETING_VERSION = 1.0;
				PRODUCT_BUNDLE_IDENTIFIER = NiketAnand.SkillBridgeV2Tests;
				PRODUCT_NAME = "$(TARGET_NAME)";
				SWIFT_EMIT_LOC_STRINGS = NO;
				SWIFT_VERSION = 5.0;
				TARGETED_DEVICE_FAMILY = "1,2";
				TEST_HOST = "$(BUILT_PRODUCTS_DIR)/SkillBridgeV2.app/$(BUNDLE_EXECUTABLE_FOLDER_PATH)/SkillBridgeV2";
			};
			name = Debug;
		};
		393695182D497DBB00A25BAF /* Release */ = {
			isa = XCBuildConfiguration;
			buildSettings = {
				BUNDLE_LOADER = "$(TEST_HOST)";
				CODE_SIGN_STYLE = Automatic;
				CURRENT_PROJECT_VERSION = 1;
				GENERATE_INFOPLIST_FILE = YES;
				IPHONEOS_DEPLOYMENT_TARGET = 18.2;
				MARKETING_VERSION = 1.0;
				PRODUCT_BUNDLE_IDENTIFIER = NiketAnand.SkillBridgeV2Tests;
				PRODUCT_NAME = "$(TARGET_NAME)";
				SWIFT_EMIT_LOC_STRINGS = NO;
				SWIFT_VERSION = 5.0;
				TARGETED_DEVICE_FAMILY = "1,2";
				TEST_HOST = "$(BUILT_PRODUCTS_DIR)/SkillBridgeV2.app/$(BUNDLE_EXECUTABLE_FOLDER_PATH)/SkillBridgeV2";
			};
			name = Release;
		};
		3936951A2D497DBB00A25BAF /* Debug */ = {
			isa = XCBuildConfiguration;
			buildSettings = {
				CODE_SIGN_STYLE = Automatic;
				CURRENT_PROJECT_VERSION = 1;
				GENERATE_INFOPLIST_FILE = YES;
				MARKETING_VERSION = 1.0;
				PRODUCT_BUNDLE_IDENTIFIER = NiketAnand.SkillBridgeV2UITests;
				PRODUCT_NAME = "$(TARGET_NAME)";
				SWIFT_EMIT_LOC_STRINGS = NO;
				SWIFT_VERSION = 5.0;
				TARGETED_DEVICE_FAMILY = "1,2";
				TEST_TARGET_NAME = SkillBridgeV2;
			};
			name = Debug;
		};
		3936951B2D497DBB00A25BAF /* Release */ = {
			isa = XCBuildConfiguration;
			buildSettings = {
				CODE_SIGN_STYLE = Automatic;
				CURRENT_PROJECT_VERSION = 1;
				GENERATE_INFOPLIST_FILE = YES;
				MARKETING_VERSION = 1.0;
				PRODUCT_BUNDLE_IDENTIFIER = NiketAnand.SkillBridgeV2UITests;
				PRODUCT_NAME = "$(TARGET_NAME)";
				SWIFT_EMIT_LOC_STRINGS = NO;
				SWIFT_VERSION = 5.0;
				TARGETED_DEVICE_FAMILY = "1,2";
				TEST_TARGET_NAME = SkillBridgeV2;
			};
			name = Release;
		};
/* End XCBuildConfiguration section */

/* Begin XCConfigurationList section */
		393694EA2D497DB800A25BAF /* Build configuration list for PBXProject "SkillBridgeV2" */ = {
			isa = XCConfigurationList;
			buildConfigurations = (
				393695112D497DBB00A25BAF /* Debug */,
				393695122D497DBB00A25BAF /* Release */,
			);
			defaultConfigurationIsVisible = 0;
			defaultConfigurationName = Release;
		};
		393695132D497DBB00A25BAF /* Build configuration list for PBXNativeTarget "SkillBridgeV2" */ = {
			isa = XCConfigurationList;
			buildConfigurations = (
				393695142D497DBB00A25BAF /* Debug */,
				393695152D497DBB00A25BAF /* Release */,
			);
			defaultConfigurationIsVisible = 0;
			defaultConfigurationName = Release;
		};
		393695162D497DBB00A25BAF /* Build configuration list for PBXNativeTarget "SkillBridgeV2Tests" */ = {
			isa = XCConfigurationList;
			buildConfigurations = (
				393695172D497DBB00A25BAF /* Debug */,
				393695182D497DBB00A25BAF /* Release */,
			);
			defaultConfigurationIsVisible = 0;
			defaultConfigurationName = Release;
		};
		393695192D497DBB00A25BAF /* Build configuration list for PBXNativeTarget "SkillBridgeV2UITests" */ = {
			isa = XCConfigurationList;
			buildConfigurations = (
				3936951A2D497DBB00A25BAF /* Debug */,
				3936951B2D497DBB00A25BAF /* Release */,
			);
			defaultConfigurationIsVisible = 0;
			defaultConfigurationName = Release;
		};
/* End XCConfigurationList section */

/* Begin XCRemoteSwiftPackageReference section */
		A49056602D4EC818004BCC7A /* XCRemoteSwiftPackageReference "supabase-swift" */ = {
			isa = XCRemoteSwiftPackageReference;
			repositoryURL = "https://github.com/supabase/supabase-swift";
			requirement = {
				kind = upToNextMajorVersion;
				minimumVersion = 2.5.1;
			};
		};
/* End XCRemoteSwiftPackageReference section */

/* Begin XCSwiftPackageProductDependency section */
		A49056612D4EC818004BCC7A /* Auth */ = {
			isa = XCSwiftPackageProductDependency;
			package = A49056602D4EC818004BCC7A /* XCRemoteSwiftPackageReference "supabase-swift" */;
			productName = Auth;
		};
		A49056632D4EC818004BCC7A /* Functions */ = {
			isa = XCSwiftPackageProductDependency;
			package = A49056602D4EC818004BCC7A /* XCRemoteSwiftPackageReference "supabase-swift" */;
			productName = Functions;
		};
		A49056652D4EC818004BCC7A /* PostgREST */ = {
			isa = XCSwiftPackageProductDependency;
			package = A49056602D4EC818004BCC7A /* XCRemoteSwiftPackageReference "supabase-swift" */;
			productName = PostgREST;
		};
		A49056672D4EC818004BCC7A /* Realtime */ = {
			isa = XCSwiftPackageProductDependency;
			package = A49056602D4EC818004BCC7A /* XCRemoteSwiftPackageReference "supabase-swift" */;
			productName = Realtime;
		};
		A49056692D4EC818004BCC7A /* Storage */ = {
			isa = XCSwiftPackageProductDependency;
			package = A49056602D4EC818004BCC7A /* XCRemoteSwiftPackageReference "supabase-swift" */;
			productName = Storage;
		};
		A490566B2D4EC818004BCC7A /* Supabase */ = {
			isa = XCSwiftPackageProductDependency;
			package = A49056602D4EC818004BCC7A /* XCRemoteSwiftPackageReference "supabase-swift" */;
			productName = Supabase;
		};
/* End XCSwiftPackageProductDependency section */
	};
	rootObject = 393694E72D497DB800A25BAF /* Project object */;
}
